
Microsoft Visual Studio Solution File, Format Version 12.00
# Visual Studio Version 17
VisualStudioVersion = 17.7.34009.444
MinimumVisualStudioVersion = 10.0.40219.1
Project("{FAE04EC0-301F-11D3-BF4B-00C04F79EFBC}") = "Checkerv2.0", "Checkerv2.0\Checkerv2.0.csproj", "{BC74B071-B36A-4EE8-8F03-5CF0A02C32DA}"
EndProject
Global
	GlobalSection(SolutionConfigurationPlatforms) = preSolution
		Debug|Any CPU = Debug|Any CPU
		Release|Any CPU = Release|Any CPU
	EndGlobalSection
	GlobalSection(ProjectConfigurationPlatforms) = postSolution
		{BC74B071-B36A-4EE8-8F03-5CF0A02C32DA}.Debug|Any CPU.ActiveCfg = Debug|Any CPU
		{BC74B071-B36A-4EE8-8F03-5CF0A02C32DA}.Debug|Any CPU.Build.0 = Debug|Any CPU
		{BC74B071-B36A-4EE8-8F03-5CF0A02C32DA}.Release|Any CPU.ActiveCfg = Release|Any CPU
		{BC74B071-B36A-4EE8-8F03-5CF0A02C32DA}.Release|Any CPU.Build.0 = Release|Any CPU
	EndGlobalSection
	GlobalSection(SolutionProperties) = preSolution
		HideSolutionNode = FALSE
	EndGlobalSection
	GlobalSection(ExtensibilityGlobals) = postSolution
		SolutionGuid = {28351CE2-0A61-4FEC-8FFC-36C763933AA7}
	EndGlobalSection
EndGlobal
